{
  "name": "js_bundle",
  "version": "1.0.0",
  "lockfileVersion": 1,
  "requires": true,
  "dependencies": {
    "genesis-tubs-engine": {
      "version": "1.0.6",
      "resolved": "https://registry.npmjs.org/genesis-tubs-engine/-/genesis-tubs-engine-1.0.6.tgz",
      "integrity": "sha512-beWy1xV0N1OI5a3vDFbKqL1HHYEJwgpISUScNIOlYWYGzJYAvOYfXZg0dgmadKpDEqHBUtUg3jcOBPgYMwenBw=="
    }
  }
}
